
Microsoft Visual Studio Solution File, Format Version 12.00
# Visual Studio Version 16
VisualStudioVersion = 16.0.30225.117
MinimumVisualStudioVersion = 10.0.40219.1
Project("{2150E333-8FDC-42A3-9474-1A3956D46DE8}") = "1 - Presentation", "1 - Presentation", "{4D781805-2B3E-48D3-8E08-53F8EF58C404}"
EndProject
Project("{2150E333-8FDC-42A3-9474-1A3956D46DE8}") = "2 - Soa", "2 - Soa", "{F8D496CC-CA7D-424B-AF5F-A3A5500FAB0F}"
EndProject
Project("{2150E333-8FDC-42A3-9474-1A3956D46DE8}") = "3 - Application", "3 - Application", "{490CE5B3-781E-4426-A87C-B70C21BC945D}"
EndProject
Project("{2150E333-8FDC-42A3-9474-1A3956D46DE8}") = "4 - Domain", "4 - Domain", "{1CCE5B14-604A-449F-B312-82016C85D7D2}"
EndProject
Project("{2150E333-8FDC-42A3-9474-1A3956D46DE8}") = "5 - Infrastructure", "5 - Infrastructure", "{BF4530D4-75A3-4828-911F-519E19E716E2}"
EndProject
Project("{2150E333-8FDC-42A3-9474-1A3956D46DE8}") = "6 - Database", "6 - Database", "{CD67E780-60CE-4BDE-B512-7AACCF18BF01}"
EndProject
Project("{2150E333-8FDC-42A3-9474-1A3956D46DE8}") = "7 - Test", "7 - Test", "{7775DEE9-5EE0-4D42-B998-A023090CEA30}"
EndProject
Project("{9A19103F-16F7-4668-BE54-9A1E7A4F7556}") = "RM.BaseArchitecture.Domain", "RM.BaseArchitecture.Domain\RM.BaseArchitecture.Domain.csproj", "{23E8BEE7-C218-4784-B173-24D04F3DAD8B}"
EndProject
Project("{9A19103F-16F7-4668-BE54-9A1E7A4F7556}") = "RM.BaseArchitecture.Application", "RM.BaseArchitecture.Application\RM.BaseArchitecture.Application.csproj", "{F24DA76A-20F1-492D-9413-2EF6C28F4414}"
EndProject
Project("{2150E333-8FDC-42A3-9474-1A3956D46DE8}") = "CrossCutting", "CrossCutting", "{E07FA04B-B469-4048-BEC4-585D3B4C54C0}"
EndProject
Project("{9A19103F-16F7-4668-BE54-9A1E7A4F7556}") = "RM.BaseArchitecture.Infrastructure.CrossCutting.Bootstrapper", "RM.BaseArchitecture.Infrastructure.CrossCutting.Bootstrapper\RM.BaseArchitecture.Infrastructure.CrossCutting.Bootstrapper.csproj", "{F6E0F8C7-1C10-4F16-89B6-BC1AFC2CD92E}"
EndProject
Project("{9A19103F-16F7-4668-BE54-9A1E7A4F7556}") = "RM.BaseArchitecture.Infrastructure.Data", "RM.BaseArchitecture.Infrastructure.Data\RM.BaseArchitecture.Infrastructure.Data.csproj", "{97C5515B-9603-40A8-A0CE-CCCB5A07C790}"
EndProject
Project("{2150E333-8FDC-42A3-9474-1A3956D46DE8}") = "Api", "Api", "{EBDBF35D-31E7-4212-94B2-B7A5D50747D5}"
EndProject
Project("{2150E333-8FDC-42A3-9474-1A3956D46DE8}") = "Proxies", "Proxies", "{93F024A4-599D-4C7B-BC88-944667EA3069}"
EndProject
Project("{9A19103F-16F7-4668-BE54-9A1E7A4F7556}") = "RM.BaseArchitecture.Soa.Api", "RM.BaseArchitecture.Soa.Api\RM.BaseArchitecture.Soa.Api.csproj", "{2EE25236-E06E-4F16-8F11-F6815D557C27}"
EndProject
Project("{9A19103F-16F7-4668-BE54-9A1E7A4F7556}") = "RM.BaseArchitecture.Api.Proxy", "RM.BaseArchitecture.Api.Proxy\RM.BaseArchitecture.Api.Proxy.csproj", "{7ECA56F9-D10E-48A0-8819-AF4B5EAFEC64}"
EndProject
Project("{9A19103F-16F7-4668-BE54-9A1E7A4F7556}") = "RM.BaseArchitecture.Web", "RM.BaseArchitecture.Web\RM.BaseArchitecture.Web.csproj", "{23D6F77C-BEC0-4CFA-BD76-9F81C318176F}"
EndProject
Project("{00D1A9C2-B5F0-4AF3-8072-F6C62B433612}") = "RM.BaseArchitecture.Database", "RM.BaseArchitecture.Database\RM.BaseArchitecture.Database.sqlproj", "{5F8A08A7-4A16-41F5-A1C5-6FDEA7ADDC02}"
EndProject
Project("{2150E333-8FDC-42A3-9474-1A3956D46DE8}") = "Data", "Data", "{63D8AFB4-F1D0-4569-81AA-34847E387B47}"
EndProject
Project("{9A19103F-16F7-4668-BE54-9A1E7A4F7556}") = "RM.BaseArchitecture.Dto", "RM.BaseArchitecture.Dto\RM.BaseArchitecture.Dto.csproj", "{23994F90-D521-4DE0-AF1E-07875F9AE922}"
EndProject
Project("{9A19103F-16F7-4668-BE54-9A1E7A4F7556}") = "RM.BaseArchitecture.Test", "..\tests\RM.BaseArchitecture.Test\RM.BaseArchitecture.Test.csproj", "{B2DAFA79-21A9-4A8A-8DAB-F7B04272B5BE}"
EndProject
Global
	GlobalSection(SolutionConfigurationPlatforms) = preSolution
		Debug|Any CPU = Debug|Any CPU
		Debug|x64 = Debug|x64
		Release|Any CPU = Release|Any CPU
		Release|x64 = Release|x64
	EndGlobalSection
	GlobalSection(ProjectConfigurationPlatforms) = postSolution
		{23E8BEE7-C218-4784-B173-24D04F3DAD8B}.Debug|Any CPU.ActiveCfg = Debug|Any CPU
		{23E8BEE7-C218-4784-B173-24D04F3DAD8B}.Debug|Any CPU.Build.0 = Debug|Any CPU
		{23E8BEE7-C218-4784-B173-24D04F3DAD8B}.Debug|x64.ActiveCfg = Debug|x64
		{23E8BEE7-C218-4784-B173-24D04F3DAD8B}.Debug|x64.Build.0 = Debug|x64
		{23E8BEE7-C218-4784-B173-24D04F3DAD8B}.Release|Any CPU.ActiveCfg = Release|Any CPU
		{23E8BEE7-C218-4784-B173-24D04F3DAD8B}.Release|Any CPU.Build.0 = Release|Any CPU
		{23E8BEE7-C218-4784-B173-24D04F3DAD8B}.Release|x64.ActiveCfg = Release|x64
		{23E8BEE7-C218-4784-B173-24D04F3DAD8B}.Release|x64.Build.0 = Release|x64
		{F24DA76A-20F1-492D-9413-2EF6C28F4414}.Debug|Any CPU.ActiveCfg = Debug|Any CPU
		{F24DA76A-20F1-492D-9413-2EF6C28F4414}.Debug|Any CPU.Build.0 = Debug|Any CPU
		{F24DA76A-20F1-492D-9413-2EF6C28F4414}.Debug|x64.ActiveCfg = Debug|x64
		{F24DA76A-20F1-492D-9413-2EF6C28F4414}.Debug|x64.Build.0 = Debug|x64
		{F24DA76A-20F1-492D-9413-2EF6C28F4414}.Release|Any CPU.ActiveCfg = Release|Any CPU
		{F24DA76A-20F1-492D-9413-2EF6C28F4414}.Release|Any CPU.Build.0 = Release|Any CPU
		{F24DA76A-20F1-492D-9413-2EF6C28F4414}.Release|x64.ActiveCfg = Release|x64
		{F24DA76A-20F1-492D-9413-2EF6C28F4414}.Release|x64.Build.0 = Release|x64
		{F6E0F8C7-1C10-4F16-89B6-BC1AFC2CD92E}.Debug|Any CPU.ActiveCfg = Debug|Any CPU
		{F6E0F8C7-1C10-4F16-89B6-BC1AFC2CD92E}.Debug|Any CPU.Build.0 = Debug|Any CPU
		{F6E0F8C7-1C10-4F16-89B6-BC1AFC2CD92E}.Debug|x64.ActiveCfg = Debug|x64
		{F6E0F8C7-1C10-4F16-89B6-BC1AFC2CD92E}.Debug|x64.Build.0 = Debug|x64
		{F6E0F8C7-1C10-4F16-89B6-BC1AFC2CD92E}.Release|Any CPU.ActiveCfg = Release|Any CPU
		{F6E0F8C7-1C10-4F16-89B6-BC1AFC2CD92E}.Release|Any CPU.Build.0 = Release|Any CPU
		{F6E0F8C7-1C10-4F16-89B6-BC1AFC2CD92E}.Release|x64.ActiveCfg = Release|x64
		{F6E0F8C7-1C10-4F16-89B6-BC1AFC2CD92E}.Release|x64.Build.0 = Release|x64
		{97C5515B-9603-40A8-A0CE-CCCB5A07C790}.Debug|Any CPU.ActiveCfg = Debug|Any CPU
		{97C5515B-9603-40A8-A0CE-CCCB5A07C790}.Debug|Any CPU.Build.0 = Debug|Any CPU
		{97C5515B-9603-40A8-A0CE-CCCB5A07C790}.Debug|x64.ActiveCfg = Debug|x64
		{97C5515B-9603-40A8-A0CE-CCCB5A07C790}.Debug|x64.Build.0 = Debug|x64
		{97C5515B-9603-40A8-A0CE-CCCB5A07C790}.Release|Any CPU.ActiveCfg = Release|Any CPU
		{97C5515B-9603-40A8-A0CE-CCCB5A07C790}.Release|Any CPU.Build.0 = Release|Any CPU
		{97C5515B-9603-40A8-A0CE-CCCB5A07C790}.Release|x64.ActiveCfg = Release|x64
		{97C5515B-9603-40A8-A0CE-CCCB5A07C790}.Release|x64.Build.0 = Release|x64
		{2EE25236-E06E-4F16-8F11-F6815D557C27}.Debug|Any CPU.ActiveCfg = Debug|Any CPU
		{2EE25236-E06E-4F16-8F11-F6815D557C27}.Debug|Any CPU.Build.0 = Debug|Any CPU
		{2EE25236-E06E-4F16-8F11-F6815D557C27}.Debug|x64.ActiveCfg = Debug|x64
		{2EE25236-E06E-4F16-8F11-F6815D557C27}.Debug|x64.Build.0 = Debug|x64
		{2EE25236-E06E-4F16-8F11-F6815D557C27}.Release|Any CPU.ActiveCfg = Release|Any CPU
		{2EE25236-E06E-4F16-8F11-F6815D557C27}.Release|Any CPU.Build.0 = Release|Any CPU
		{2EE25236-E06E-4F16-8F11-F6815D557C27}.Release|x64.ActiveCfg = Release|x64
		{2EE25236-E06E-4F16-8F11-F6815D557C27}.Release|x64.Build.0 = Release|x64
		{7ECA56F9-D10E-48A0-8819-AF4B5EAFEC64}.Debug|Any CPU.ActiveCfg = Debug|Any CPU
		{7ECA56F9-D10E-48A0-8819-AF4B5EAFEC64}.Debug|Any CPU.Build.0 = Debug|Any CPU
		{7ECA56F9-D10E-48A0-8819-AF4B5EAFEC64}.Debug|x64.ActiveCfg = Debug|x64
		{7ECA56F9-D10E-48A0-8819-AF4B5EAFEC64}.Debug|x64.Build.0 = Debug|x64
		{7ECA56F9-D10E-48A0-8819-AF4B5EAFEC64}.Release|Any CPU.ActiveCfg = Release|Any CPU
		{7ECA56F9-D10E-48A0-8819-AF4B5EAFEC64}.Release|Any CPU.Build.0 = Release|Any CPU
		{7ECA56F9-D10E-48A0-8819-AF4B5EAFEC64}.Release|x64.ActiveCfg = Release|x64
		{7ECA56F9-D10E-48A0-8819-AF4B5EAFEC64}.Release|x64.Build.0 = Release|x64
		{23D6F77C-BEC0-4CFA-BD76-9F81C318176F}.Debug|Any CPU.ActiveCfg = Debug|Any CPU
		{23D6F77C-BEC0-4CFA-BD76-9F81C318176F}.Debug|Any CPU.Build.0 = Debug|Any CPU
		{23D6F77C-BEC0-4CFA-BD76-9F81C318176F}.Debug|x64.ActiveCfg = Debug|x64
		{23D6F77C-BEC0-4CFA-BD76-9F81C318176F}.Debug|x64.Build.0 = Debug|x64
		{23D6F77C-BEC0-4CFA-BD76-9F81C318176F}.Release|Any CPU.ActiveCfg = Release|Any CPU
		{23D6F77C-BEC0-4CFA-BD76-9F81C318176F}.Release|Any CPU.Build.0 = Release|Any CPU
		{23D6F77C-BEC0-4CFA-BD76-9F81C318176F}.Release|x64.ActiveCfg = Release|x64
		{23D6F77C-BEC0-4CFA-BD76-9F81C318176F}.Release|x64.Build.0 = Release|x64
		{5F8A08A7-4A16-41F5-A1C5-6FDEA7ADDC02}.Debug|Any CPU.ActiveCfg = Debug|Any CPU
		{5F8A08A7-4A16-41F5-A1C5-6FDEA7ADDC02}.Debug|Any CPU.Build.0 = Debug|Any CPU
		{5F8A08A7-4A16-41F5-A1C5-6FDEA7ADDC02}.Debug|Any CPU.Deploy.0 = Debug|Any CPU
		{5F8A08A7-4A16-41F5-A1C5-6FDEA7ADDC02}.Debug|x64.ActiveCfg = Debug|x64
		{5F8A08A7-4A16-41F5-A1C5-6FDEA7ADDC02}.Debug|x64.Build.0 = Debug|x64
		{5F8A08A7-4A16-41F5-A1C5-6FDEA7ADDC02}.Debug|x64.Deploy.0 = Debug|x64
		{5F8A08A7-4A16-41F5-A1C5-6FDEA7ADDC02}.Release|Any CPU.ActiveCfg = Release|Any CPU
		{5F8A08A7-4A16-41F5-A1C5-6FDEA7ADDC02}.Release|Any CPU.Build.0 = Release|Any CPU
		{5F8A08A7-4A16-41F5-A1C5-6FDEA7ADDC02}.Release|Any CPU.Deploy.0 = Release|Any CPU
		{5F8A08A7-4A16-41F5-A1C5-6FDEA7ADDC02}.Release|x64.ActiveCfg = Release|x64
		{5F8A08A7-4A16-41F5-A1C5-6FDEA7ADDC02}.Release|x64.Build.0 = Release|x64
		{5F8A08A7-4A16-41F5-A1C5-6FDEA7ADDC02}.Release|x64.Deploy.0 = Release|x64
		{23994F90-D521-4DE0-AF1E-07875F9AE922}.Debug|Any CPU.ActiveCfg = Debug|Any CPU
		{23994F90-D521-4DE0-AF1E-07875F9AE922}.Debug|Any CPU.Build.0 = Debug|Any CPU
		{23994F90-D521-4DE0-AF1E-07875F9AE922}.Debug|x64.ActiveCfg = Debug|x64
		{23994F90-D521-4DE0-AF1E-07875F9AE922}.Debug|x64.Build.0 = Debug|x64
		{23994F90-D521-4DE0-AF1E-07875F9AE922}.Release|Any CPU.ActiveCfg = Release|Any CPU
		{23994F90-D521-4DE0-AF1E-07875F9AE922}.Release|Any CPU.Build.0 = Release|Any CPU
		{23994F90-D521-4DE0-AF1E-07875F9AE922}.Release|x64.ActiveCfg = Release|x64
		{23994F90-D521-4DE0-AF1E-07875F9AE922}.Release|x64.Build.0 = Release|x64
		{B2DAFA79-21A9-4A8A-8DAB-F7B04272B5BE}.Debug|Any CPU.ActiveCfg = Debug|Any CPU
		{B2DAFA79-21A9-4A8A-8DAB-F7B04272B5BE}.Debug|Any CPU.Build.0 = Debug|Any CPU
		{B2DAFA79-21A9-4A8A-8DAB-F7B04272B5BE}.Debug|x64.ActiveCfg = Debug|x64
		{B2DAFA79-21A9-4A8A-8DAB-F7B04272B5BE}.Debug|x64.Build.0 = Debug|x64
		{B2DAFA79-21A9-4A8A-8DAB-F7B04272B5BE}.Release|Any CPU.ActiveCfg = Release|Any CPU
		{B2DAFA79-21A9-4A8A-8DAB-F7B04272B5BE}.Release|Any CPU.Build.0 = Release|Any CPU
		{B2DAFA79-21A9-4A8A-8DAB-F7B04272B5BE}.Release|x64.ActiveCfg = Release|x64
		{B2DAFA79-21A9-4A8A-8DAB-F7B04272B5BE}.Release|x64.Build.0 = Release|x64
	EndGlobalSection
	GlobalSection(SolutionProperties) = preSolution
		HideSolutionNode = FALSE
	EndGlobalSection
	GlobalSection(NestedProjects) = preSolution
		{23E8BEE7-C218-4784-B173-24D04F3DAD8B} = {1CCE5B14-604A-449F-B312-82016C85D7D2}
		{F24DA76A-20F1-492D-9413-2EF6C28F4414} = {490CE5B3-781E-4426-A87C-B70C21BC945D}
		{E07FA04B-B469-4048-BEC4-585D3B4C54C0} = {BF4530D4-75A3-4828-911F-519E19E716E2}
		{F6E0F8C7-1C10-4F16-89B6-BC1AFC2CD92E} = {E07FA04B-B469-4048-BEC4-585D3B4C54C0}
		{97C5515B-9603-40A8-A0CE-CCCB5A07C790} = {63D8AFB4-F1D0-4569-81AA-34847E387B47}
		{EBDBF35D-31E7-4212-94B2-B7A5D50747D5} = {F8D496CC-CA7D-424B-AF5F-A3A5500FAB0F}
		{93F024A4-599D-4C7B-BC88-944667EA3069} = {F8D496CC-CA7D-424B-AF5F-A3A5500FAB0F}
		{2EE25236-E06E-4F16-8F11-F6815D557C27} = {EBDBF35D-31E7-4212-94B2-B7A5D50747D5}
		{7ECA56F9-D10E-48A0-8819-AF4B5EAFEC64} = {93F024A4-599D-4C7B-BC88-944667EA3069}
		{23D6F77C-BEC0-4CFA-BD76-9F81C318176F} = {4D781805-2B3E-48D3-8E08-53F8EF58C404}
		{5F8A08A7-4A16-41F5-A1C5-6FDEA7ADDC02} = {CD67E780-60CE-4BDE-B512-7AACCF18BF01}
		{63D8AFB4-F1D0-4569-81AA-34847E387B47} = {BF4530D4-75A3-4828-911F-519E19E716E2}
		{23994F90-D521-4DE0-AF1E-07875F9AE922} = {490CE5B3-781E-4426-A87C-B70C21BC945D}
		{B2DAFA79-21A9-4A8A-8DAB-F7B04272B5BE} = {7775DEE9-5EE0-4D42-B998-A023090CEA30}
	EndGlobalSection
	GlobalSection(ExtensibilityGlobals) = postSolution
		SolutionGuid = {F5731D1B-C72B-4EF3-B9A8-33D05F25AABF}
	EndGlobalSection
EndGlobal
